
Microsoft Visual Studio Solution File, Format Version 12.00
# Visual Studio Version 17
VisualStudioVersion = 17.6.33815.320
MinimumVisualStudioVersion = 10.0.40219.1
Project("{9A19103F-16F7-4668-BE54-9A1E7A4F7556}") = "BaseballUa", "BaseballUa.csproj", "{1186CDB7-B3A3-491A-AEFA-2B84E78B144B}"
EndProject
Global
	GlobalSection(SolutionConfigurationPlatforms) = preSolution
		Debug|Any CPU = Debug|Any CPU
		Release|Any CPU = Release|Any CPU
	EndGlobalSection
	GlobalSection(ProjectConfigurationPlatforms) = postSolution
		{1186CDB7-B3A3-491A-AEFA-2B84E78B144B}.Debug|Any CPU.ActiveCfg = Debug|Any CPU
		{1186CDB7-B3A3-491A-AEFA-2B84E78B144B}.Debug|Any CPU.Build.0 = Debug|Any CPU
		{1186CDB7-B3A3-491A-AEFA-2B84E78B144B}.Release|Any CPU.ActiveCfg = Release|Any CPU
		{1186CDB7-B3A3-491A-AEFA-2B84E78B144B}.Release|Any CPU.Build.0 = Release|Any CPU
	EndGlobalSection
	GlobalSection(SolutionProperties) = preSolution
		HideSolutionNode = FALSE
	EndGlobalSection
	GlobalSection(ExtensibilityGlobals) = postSolution
		SolutionGuid = {306EFFE4-62FE-4BE5-9A2D-E8ACEE1ED516}
	EndGlobalSection
EndGlobal
